
Microsoft Visual Studio Solution File, Format Version 12.00
# Visual Studio Version 17
VisualStudioVersion = 17.5.002.0
MinimumVisualStudioVersion = 10.0.40219.1
Project("{9A19103F-16F7-4668-BE54-9A1E7A4F7556}") = "DeckDestroyer", "DeckDestroyer.csproj", "{55EE758D-1ECE-4BA6-85E9-9361DFD73F5B}"
EndProject
Global
	GlobalSection(SolutionConfigurationPlatforms) = preSolution
		Debug|Any CPU = Debug|Any CPU
		Release|Any CPU = Release|Any CPU
	EndGlobalSection
	GlobalSection(ProjectConfigurationPlatforms) = postSolution
		{55EE758D-1ECE-4BA6-85E9-9361DFD73F5B}.Debug|Any CPU.ActiveCfg = Debug|Any CPU
		{55EE758D-1ECE-4BA6-85E9-9361DFD73F5B}.Debug|Any CPU.Build.0 = Debug|Any CPU
		{55EE758D-1ECE-4BA6-85E9-9361DFD73F5B}.Release|Any CPU.ActiveCfg = Release|Any CPU
		{55EE758D-1ECE-4BA6-85E9-9361DFD73F5B}.Release|Any CPU.Build.0 = Release|Any CPU
	EndGlobalSection
	GlobalSection(SolutionProperties) = preSolution
		HideSolutionNode = FALSE
	EndGlobalSection
	GlobalSection(ExtensibilityGlobals) = postSolution
		SolutionGuid = {94D26834-E257-4B59-AF21-D2B8F93625D2}
	EndGlobalSection
EndGlobal
